
Microsoft Visual Studio Solution File, Format Version 12.00
# Visual Studio Version 17
VisualStudioVersion = 17.10.34814.14
MinimumVisualStudioVersion = 10.0.40219.1
Project("{2150E333-8FDC-42A3-9474-1A3956D46DE8}") = "src", "src", "{14CF56AF-6EC7-4B99-B747-3821A4ADB224}"
EndProject
Project("{2150E333-8FDC-42A3-9474-1A3956D46DE8}") = "tests", "tests", "{32011A0E-5EEB-4C57-AFF5-E55E6690E440}"
EndProject
Project("{2150E333-8FDC-42A3-9474-1A3956D46DE8}") = "UI", "UI", "{8D98FCA2-041F-493A-A34B-927DEFF628E2}"
EndProject
Project("{2150E333-8FDC-42A3-9474-1A3956D46DE8}") = "Console", "Console", "{40574A36-2819-43A5-8E46-30EA8298779B}"
EndProject
Project("{9A19103F-16F7-4668-BE54-9A1E7A4F7556}") = "GECA.Client.Console", "src\UI\Console\GECA.Client.Console\GECA.Client.Console.csproj", "{4B6E567E-37C3-43E0-B49D-1BC8D2DC2141}"
EndProject
Project("{2150E333-8FDC-42A3-9474-1A3956D46DE8}") = "Unit", "Unit", "{71E06331-AA3F-4440-A8FB-FEA9F5C66E09}"
EndProject
Project("{2150E333-8FDC-42A3-9474-1A3956D46DE8}") = "Integration", "Integration", "{4E0B71D7-86B4-42D8-AB58-F6EC474213A9}"
EndProject
Project("{FAE04EC0-301F-11D3-BF4B-00C04F79EFBC}") = "GECA.Tests.NUnit", "tests\IntegrationTests\GECA.Tests.NUnit\GECA.Tests.NUnit.csproj", "{DF370476-A8DD-44D7-8287-6B6C35E28274}"
EndProject
Project("{FAE04EC0-301F-11D3-BF4B-00C04F79EFBC}") = "GECA.Tests.xUnit", "tests\UnitTests\GECA.Tests.xUnit\GECA.Tests.xUnit.csproj", "{3BCF75EE-8873-4DCF-B536-D6995F22871F}"
EndProject
Global
	GlobalSection(SolutionConfigurationPlatforms) = preSolution
		Debug|Any CPU = Debug|Any CPU
		Release|Any CPU = Release|Any CPU
	EndGlobalSection
	GlobalSection(ProjectConfigurationPlatforms) = postSolution
		{4B6E567E-37C3-43E0-B49D-1BC8D2DC2141}.Debug|Any CPU.ActiveCfg = Debug|Any CPU
		{4B6E567E-37C3-43E0-B49D-1BC8D2DC2141}.Debug|Any CPU.Build.0 = Debug|Any CPU
		{4B6E567E-37C3-43E0-B49D-1BC8D2DC2141}.Release|Any CPU.ActiveCfg = Release|Any CPU
		{4B6E567E-37C3-43E0-B49D-1BC8D2DC2141}.Release|Any CPU.Build.0 = Release|Any CPU
		{DF370476-A8DD-44D7-8287-6B6C35E28274}.Debug|Any CPU.ActiveCfg = Debug|Any CPU
		{DF370476-A8DD-44D7-8287-6B6C35E28274}.Debug|Any CPU.Build.0 = Debug|Any CPU
		{DF370476-A8DD-44D7-8287-6B6C35E28274}.Release|Any CPU.ActiveCfg = Release|Any CPU
		{DF370476-A8DD-44D7-8287-6B6C35E28274}.Release|Any CPU.Build.0 = Release|Any CPU
		{3BCF75EE-8873-4DCF-B536-D6995F22871F}.Debug|Any CPU.ActiveCfg = Debug|Any CPU
		{3BCF75EE-8873-4DCF-B536-D6995F22871F}.Debug|Any CPU.Build.0 = Debug|Any CPU
		{3BCF75EE-8873-4DCF-B536-D6995F22871F}.Release|Any CPU.ActiveCfg = Release|Any CPU
		{3BCF75EE-8873-4DCF-B536-D6995F22871F}.Release|Any CPU.Build.0 = Release|Any CPU
	EndGlobalSection
	GlobalSection(SolutionProperties) = preSolution
		HideSolutionNode = FALSE
	EndGlobalSection
	GlobalSection(NestedProjects) = preSolution
		{8D98FCA2-041F-493A-A34B-927DEFF628E2} = {14CF56AF-6EC7-4B99-B747-3821A4ADB224}
		{40574A36-2819-43A5-8E46-30EA8298779B} = {8D98FCA2-041F-493A-A34B-927DEFF628E2}
		{4B6E567E-37C3-43E0-B49D-1BC8D2DC2141} = {40574A36-2819-43A5-8E46-30EA8298779B}
		{71E06331-AA3F-4440-A8FB-FEA9F5C66E09} = {32011A0E-5EEB-4C57-AFF5-E55E6690E440}
		{4E0B71D7-86B4-42D8-AB58-F6EC474213A9} = {32011A0E-5EEB-4C57-AFF5-E55E6690E440}
		{DF370476-A8DD-44D7-8287-6B6C35E28274} = {4E0B71D7-86B4-42D8-AB58-F6EC474213A9}
		{3BCF75EE-8873-4DCF-B536-D6995F22871F} = {71E06331-AA3F-4440-A8FB-FEA9F5C66E09}
	EndGlobalSection
	GlobalSection(ExtensibilityGlobals) = postSolution
		SolutionGuid = {7A2E042C-0C73-43EA-8F8C-FB240419980E}
	EndGlobalSection
EndGlobal
